// !$*UTF8*$!
{
	archiveVersion = 1;
	classes = {
	};
	objectVersion = 55;
	objects = {

/* Begin PBXBuildFile section */
		914F518726A78E7300C66C73 /* Tests_iOS.swift in Sources */ = {isa = PBXBuildFile; fileRef = 914F518626A78E7300C66C73 /* Tests_iOS.swift */; };
		914F519126A78E7300C66C73 /* Tests_macOS.swift in Sources */ = {isa = PBXBuildFile; fileRef = 914F519026A78E7300C66C73 /* Tests_macOS.swift */; };
		914F519226A78E7300C66C73 /* miniDVRApp.swift in Sources */ = {isa = PBXBuildFile; fileRef = 914F517026A78E7200C66C73 /* miniDVRApp.swift */; };
		914F519326A78E7300C66C73 /* miniDVRApp.swift in Sources */ = {isa = PBXBuildFile; fileRef = 914F517026A78E7200C66C73 /* miniDVRApp.swift */; };
		914F519426A78E7300C66C73 /* ContentView.swift in Sources */ = {isa = PBXBuildFile; fileRef = 914F517126A78E7200C66C73 /* ContentView.swift */; };
		914F519526A78E7300C66C73 /* ContentView.swift in Sources */ = {isa = PBXBuildFile; fileRef = 914F517126A78E7200C66C73 /* ContentView.swift */; };
		914F519626A78E7300C66C73 /* Assets.xcassets in Resources */ = {isa = PBXBuildFile; fileRef = 914F517226A78E7300C66C73 /* Assets.xcassets */; };
		914F519726A78E7300C66C73 /* Assets.xcassets in Resources */ = {isa = PBXBuildFile; fileRef = 914F517226A78E7300C66C73 /* Assets.xcassets */; };
/* End PBXBuildFile section */

/* Begin PBXContainerItemProxy section */
		914F518326A78E7300C66C73 /* PBXContainerItemProxy */ = {
			isa = PBXContainerItemProxy;
			containerPortal = 914F516B26A78E7200C66C73 /* Project object */;
			proxyType = 1;
			remoteGlobalIDString = 914F517626A78E7300C66C73;
			remoteInfo = "miniDVR (iOS)";
		};
		914F518D26A78E7300C66C73 /* PBXContainerItemProxy */ = {
			isa = PBXContainerItemProxy;
			containerPortal = 914F516B26A78E7200C66C73 /* Project object */;
			proxyType = 1;
			remoteGlobalIDString = 914F517C26A78E7300C66C73;
			remoteInfo = "miniDVR (macOS)";
		};
/* End PBXContainerItemProxy section */

/* Begin PBXFileReference section */
		914F517026A78E7200C66C73 /* miniDVRApp.swift */ = {isa = PBXFileReference; lastKnownFileType = sourcecode.swift; path = miniDVRApp.swift; sourceTree = "<group>"; };
		914F517126A78E7200C66C73 /* ContentView.swift */ = {isa = PBXFileReference; lastKnownFileType = sourcecode.swift; path = ContentView.swift; sourceTree = "<group>"; };
		914F517226A78E7300C66C73 /* Assets.xcassets */ = {isa = PBXFileReference; lastKnownFileType = folder.assetcatalog; path = Assets.xcassets; sourceTree = "<group>"; };
		914F517726A78E7300C66C73 /* miniDVR.app */ = {isa = PBXFileReference; explicitFileType = wrapper.application; includeInIndex = 0; path = miniDVR.app; sourceTree = BUILT_PRODUCTS_DIR; };
		914F517D26A78E7300C66C73 /* miniDVR.app */ = {isa = PBXFileReference; explicitFileType = wrapper.application; includeInIndex = 0; path = miniDVR.app; sourceTree = BUILT_PRODUCTS_DIR; };
		914F518226A78E7300C66C73 /* Tests iOS.xctest */ = {isa = PBXFileReference; explicitFileType = wrapper.cfbundle; includeInIndex = 0; path = "Tests iOS.xctest"; sourceTree = BUILT_PRODUCTS_DIR; };
		914F518626A78E7300C66C73 /* Tests_iOS.swift */ = {isa = PBXFileReference; lastKnownFileType = sourcecode.swift; path = Tests_iOS.swift; sourceTree = "<group>"; };
		914F518C26A78E7300C66C73 /* Tests macOS.xctest */ = {isa = PBXFileReference; explicitFileType = wrapper.cfbundle; includeInIndex = 0; path = "Tests macOS.xctest"; sourceTree = BUILT_PRODUCTS_DIR; };
		914F519026A78E7300C66C73 /* Tests_macOS.swift */ = {isa = PBXFileReference; lastKnownFileType = sourcecode.swift; path = Tests_macOS.swift; sourceTree = "<group>"; };
/* End PBXFileReference section */

/* Begin PBXFrameworksBuildPhase section */
		914F517426A78E7300C66C73 /* Frameworks */ = {
			isa = PBXFrameworksBuildPhase;
			buildActionMask = 2147483647;
			files = (
			);
			runOnlyForDeploymentPostprocessing = 0;
		};
		914F517A26A78E7300C66C73 /* Frameworks */ = {
			isa = PBXFrameworksBuildPhase;
			buildActionMask = 2147483647;
			files = (
			);
			runOnlyForDeploymentPostprocessing = 0;
		};
		914F517F26A78E7300C66C73 /* Frameworks */ = {
			isa = PBXFrameworksBuildPhase;
			buildActionMask = 2147483647;
			files = (
			);
			runOnlyForDeploymentPostprocessing = 0;
		};
		914F518926A78E7300C66C73 /* Frameworks */ = {
			isa = PBXFrameworksBuildPhase;
			buildActionMask = 2147483647;
			files = (
			);
			runOnlyForDeploymentPostprocessing = 0;
		};
/* End PBXFrameworksBuildPhase section */

/* Begin PBXGroup section */
		914F516A26A78E7200C66C73 = {
			isa = PBXGroup;
			children = (
				914F516F26A78E7200C66C73 /* Shared */,
				914F518526A78E7300C66C73 /* Tests iOS */,
				914F518F26A78E7300C66C73 /* Tests macOS */,
				914F517826A78E7300C66C73 /* Products */,
			);
			sourceTree = "<group>";
		};
		914F516F26A78E7200C66C73 /* Shared */ = {
			isa = PBXGroup;
			children = (
				914F517026A78E7200C66C73 /* miniDVRApp.swift */,
				914F517126A78E7200C66C73 /* ContentView.swift */,
				914F517226A78E7300C66C73 /* Assets.xcassets */,
			);
			path = Shared;
			sourceTree = "<group>";
		};
		914F517826A78E7300C66C73 /* Products */ = {
			isa = PBXGroup;
			children = (
				914F517726A78E7300C66C73 /* miniDVR.app */,
				914F517D26A78E7300C66C73 /* miniDVR.app */,
				914F518226A78E7300C66C73 /* Tests iOS.xctest */,
				914F518C26A78E7300C66C73 /* Tests macOS.xctest */,
			);
			name = Products;
			sourceTree = "<group>";
		};
		914F518526A78E7300C66C73 /* Tests iOS */ = {
			isa = PBXGroup;
			children = (
				914F518626A78E7300C66C73 /* Tests_iOS.swift */,
			);
			path = "Tests iOS";
			sourceTree = "<group>";
		};
		914F518F26A78E7300C66C73 /* Tests macOS */ = {
			isa = PBXGroup;
			children = (
				914F519026A78E7300C66C73 /* Tests_macOS.swift */,
			);
			path = "Tests macOS";
			sourceTree = "<group>";
		};
/* End PBXGroup section */

/* Begin PBXNativeTarget section */
		914F517626A78E7300C66C73 /* miniDVR (iOS) */ = {
			isa = PBXNativeTarget;
			buildConfigurationList = 914F519A26A78E7300C66C73 /* Build configuration list for PBXNativeTarget "miniDVR (iOS)" */;
			buildPhases = (
				914F517326A78E7300C66C73 /* Sources */,
				914F517426A78E7300C66C73 /* Frameworks */,
				914F517526A78E7300C66C73 /* Resources */,
			);
			buildRules = (
			);
			dependencies = (
			);
			name = "miniDVR (iOS)";
			productName = "miniDVR (iOS)";
			productReference = 914F517726A78E7300C66C73 /* miniDVR.app */;
			productType = "com.apple.product-type.application";
		};
		914F517C26A78E7300C66C73 /* miniDVR (macOS) */ = {
			isa = PBXNativeTarget;
			buildConfigurationList = 914F519D26A78E7300C66C73 /* Build configuration list for PBXNativeTarget "miniDVR (macOS)" */;
			buildPhases = (
				914F517926A78E7300C66C73 /* Sources */,
				914F517A26A78E7300C66C73 /* Frameworks */,
				914F517B26A78E7300C66C73 /* Resources */,
			);
			buildRules = (
			);
			dependencies = (
			);
			name = "miniDVR (macOS)";
			productName = "miniDVR (macOS)";
			productReference = 914F517D26A78E7300C66C73 /* miniDVR.app */;
			productType = "com.apple.product-type.application";
		};
		914F518126A78E7300C66C73 /* Tests iOS */ = {
			isa = PBXNativeTarget;
			buildConfigurationList = 914F51A026A78E7300C66C73 /* Build configuration list for PBXNativeTarget "Tests iOS" */;
			buildPhases = (
				914F517E26A78E7300C66C73 /* Sources */,
				914F517F26A78E7300C66C73 /* Frameworks */,
				914F518026A78E7300C66C73 /* Resources */,
			);
			buildRules = (
			);
			dependencies = (
				914F518426A78E7300C66C73 /* PBXTargetDependency */,
			);
			name = "Tests iOS";
			productName = "Tests iOS";
			productReference = 914F518226A78E7300C66C73 /* Tests iOS.xctest */;
			productType = "com.apple.product-type.bundle.ui-testing";
		};
		914F518B26A78E7300C66C73 /* Tests macOS */ = {
			isa = PBXNativeTarget;
			buildConfigurationList = 914F51A326A78E7300C66C73 /* Build configuration list for PBXNativeTarget "Tests macOS" */;
			buildPhases = (
				914F518826A78E7300C66C73 /* Sources */,
				914F518926A78E7300C66C73 /* Frameworks */,
				914F518A26A78E7300C66C73 /* Resources */,
			);
			buildRules = (
			);
			dependencies = (
				914F518E26A78E7300C66C73 /* PBXTargetDependency */,
			);
			name = "Tests macOS";
			productName = "Tests macOS";
			productReference = 914F518C26A78E7300C66C73 /* Tests macOS.xctest */;
			productType = "com.apple.product-type.bundle.ui-testing";
		};
/* End PBXNativeTarget section */

/* Begin PBXProject section */
		914F516B26A78E7200C66C73 /* Project object */ = {
			isa = PBXProject;
			attributes = {
				BuildIndependentTargetsInParallel = 1;
				LastSwiftUpdateCheck = 1300;
				LastUpgradeCheck = 1300;
				TargetAttributes = {
					914F517626A78E7300C66C73 = {
						CreatedOnToolsVersion = 13.0;
					};
					914F517C26A78E7300C66C73 = {
						CreatedOnToolsVersion = 13.0;
					};
					914F518126A78E7300C66C73 = {
						CreatedOnToolsVersion = 13.0;
						TestTargetID = 914F517626A78E7300C66C73;
					};
					914F518B26A78E7300C66C73 = {
						CreatedOnToolsVersion = 13.0;
						TestTargetID = 914F517C26A78E7300C66C73;
					};
				};
			};
			buildConfigurationList = 914F516E26A78E7200C66C73 /* Build configuration list for PBXProject "miniDVR" */;
			compatibilityVersion = "Xcode 13.0";
			developmentRegion = en;
			hasScannedForEncodings = 0;
			knownRegions = (
				en,
				Base,
			);
			mainGroup = 914F516A26A78E7200C66C73;
			productRefGroup = 914F517826A78E7300C66C73 /* Products */;
			projectDirPath = "";
			projectRoot = "";
			targets = (
				914F517626A78E7300C66C73 /* miniDVR (iOS) */,
				914F517C26A78E7300C66C73 /* miniDVR (macOS) */,
				914F518126A78E7300C66C73 /* Tests iOS */,
				914F518B26A78E7300C66C73 /* Tests macOS */,
			);
		};
/* End PBXProject section */

/* Begin PBXResourcesBuildPhase section */
		914F517526A78E7300C66C73 /* Resources */ = {
			isa = PBXResourcesBuildPhase;
			buildActionMask = 2147483647;
			files = (
				914F519626A78E7300C66C73 /* Assets.xcassets in Resources */,
			);
			runOnlyForDeploymentPostprocessing = 0;
		};
		914F517B26A78E7300C66C73 /* Resources */ = {
			isa = PBXResourcesBuildPhase;
			buildActionMask = 2147483647;
			files = (
				914F519726A78E7300C66C73 /* Assets.xcassets in Resources */,
			);
			runOnlyForDeploymentPostprocessing = 0;
		};
		914F518026A78E7300C66C73 /* Resources */ = {
			isa = PBXResourcesBuildPhase;
			buildActionMask = 2147483647;
			files = (
			);
			runOnlyForDeploymentPostprocessing = 0;
		};
		914F518A26A78E7300C66C73 /* Resources */ = {
			isa = PBXResourcesBuildPhase;
			buildActionMask = 2147483647;
			files = (
			);
			runOnlyForDeploymentPostprocessing = 0;
		};
/* End PBXResourcesBuildPhase section */

/* Begin PBXSourcesBuildPhase section */
		914F517326A78E7300C66C73 /* Sources */ = {
			isa = PBXSourcesBuildPhase;
			buildActionMask = 2147483647;
			files = (
				914F519426A78E7300C66C73 /* ContentView.swift in Sources */,
				914F519226A78E7300C66C73 /* miniDVRApp.swift in Sources */,
			);
			runOnlyForDeploymentPostprocessing = 0;
		};
		914F517926A78E7300C66C73 /* Sources */ = {
			isa = PBXSourcesBuildPhase;
			buildActionMask = 2147483647;
			files = (
				914F519526A78E7300C66C73 /* ContentView.swift in Sources */,
				914F519326A78E7300C66C73 /* miniDVRApp.swift in Sources */,
			);
			runOnlyForDeploymentPostprocessing = 0;
		};
		914F517E26A78E7300C66C73 /* Sources */ = {
			isa = PBXSourcesBuildPhase;
			buildActionMask = 2147483647;
			files = (
				914F518726A78E7300C66C73 /* Tests_iOS.swift in Sources */,
			);
			runOnlyForDeploymentPostprocessing = 0;
		};
		914F518826A78E7300C66C73 /* Sources */ = {
			isa = PBXSourcesBuildPhase;
			buildActionMask = 2147483647;
			files = (
				914F519126A78E7300C66C73 /* Tests_macOS.swift in Sources */,
			);
			runOnlyForDeploymentPostprocessing = 0;
		};
/* End PBXSourcesBuildPhase section */

/* Begin PBXTargetDependency section */
		914F518426A78E7300C66C73 /* PBXTargetDependency */ = {
			isa = PBXTargetDependency;
			target = 914F517626A78E7300C66C73 /* miniDVR (iOS) */;
			targetProxy = 914F518326A78E7300C66C73 /* PBXContainerItemProxy */;
		};
		914F518E26A78E7300C66C73 /* PBXTargetDependency */ = {
			isa = PBXTargetDependency;
			target = 914F517C26A78E7300C66C73 /* miniDVR (macOS) */;
			targetProxy = 914F518D26A78E7300C66C73 /* PBXContainerItemProxy */;
		};
/* End PBXTargetDependency section */

/* Begin XCBuildConfiguration section */
		914F519826A78E7300C66C73 /* Debug */ = {
			isa = XCBuildConfiguration;
			buildSettings = {
				ALWAYS_SEARCH_USER_PATHS = NO;
				CLANG_ANALYZER_NONNULL = YES;
				CLANG_ANALYZER_NUMBER_OBJECT_CONVERSION = YES_AGGRESSIVE;
				CLANG_CXX_LANGUAGE_STANDARD = "gnu++14";
				CLANG_CXX_LIBRARY = "libc++";
				CLANG_ENABLE_MODULES = YES;
				CLANG_ENABLE_OBJC_ARC = YES;
				CLANG_ENABLE_OBJC_WEAK = YES;
				CLANG_WARN_BLOCK_CAPTURE_AUTORELEASING = YES;
				CLANG_WARN_BOOL_CONVERSION = YES;
				CLANG_WARN_COMMA = YES;
				CLANG_WARN_CONSTANT_CONVERSION = YES;
				CLANG_WARN_DEPRECATED_OBJC_IMPLEMENTATIONS = YES;
				CLANG_WARN_DIRECT_OBJC_ISA_USAGE = YES_ERROR;
				CLANG_WARN_DOCUMENTATION_COMMENTS = YES;
				CLANG_WARN_EMPTY_BODY = YES;
				CLANG_WARN_ENUM_CONVERSION = YES;
				CLANG_WARN_INFINITE_RECURSION = YES;
				CLANG_WARN_INT_CONVERSION = YES;
				CLANG_WARN_NON_LITERAL_NULL_CONVERSION = YES;
				CLANG_WARN_OBJC_IMPLICIT_RETAIN_SELF = YES;
				CLANG_WARN_OBJC_LITERAL_CONVERSION = YES;
				CLANG_WARN_OBJC_ROOT_CLASS = YES_ERROR;
				CLANG_WARN_QUOTED_INCLUDE_IN_FRAMEWORK_HEADER = YES;
				CLANG_WARN_RANGE_LOOP_ANALYSIS = YES;
				CLANG_WARN_STRICT_PROTOTYPES = YES;
				CLANG_WARN_SUSPICIOUS_MOVE = YES;
				CLANG_WARN_UNGUARDED_AVAILABILITY = YES_AGGRESSIVE;
				CLANG_WARN_UNREACHABLE_CODE = YES;
				CLANG_WARN__DUPLICATE_METHOD_MATCH = YES;
				COPY_PHASE_STRIP = NO;
				DEBUG_INFORMATION_FORMAT = dwarf;
				ENABLE_STRICT_OBJC_MSGSEND = YES;
				ENABLE_TESTABILITY = YES;
				GCC_C_LANGUAGE_STANDARD = gnu11;
				GCC_DYNAMIC_NO_PIC = NO;
				GCC_NO_COMMON_BLOCKS = YES;
				GCC_OPTIMIZATION_LEVEL = 0;
				GCC_PREPROCESSOR_DEFINITIONS = (
					"DEBUG=1",
					"$(inherited)",
				);
				GCC_WARN_64_TO_32_BIT_CONVERSION = YES;
				GCC_WARN_ABOUT_RETURN_TYPE = YES_ERROR;
				GCC_WARN_UNDECLARED_SELECTOR = YES;
				GCC_WARN_UNINITIALIZED_AUTOS = YES_AGGRESSIVE;
				GCC_WARN_UNUSED_FUNCTION = YES;
				GCC_WARN_UNUSED_VARIABLE = YES;
				MTL_ENABLE_DEBUG_INFO = INCLUDE_SOURCE;
				MTL_FAST_MATH = YES;
				ONLY_ACTIVE_ARCH = YES;
				SWIFT_ACTIVE_COMPILATION_CONDITIONS = DEBUG;
				SWIFT_OPTIMIZATION_LEVEL = "-Onone";
			};
			name = Debug;
		};
		914F519926A78E7300C66C73 /* Release */ = {
			isa = XCBuildConfiguration;
			buildSettings = {
				ALWAYS_SEARCH_USER_PATHS = NO;
				CLANG_ANALYZER_NONNULL = YES;
				CLANG_ANALYZER_NUMBER_OBJECT_CONVERSION = YES_AGGRESSIVE;
				CLANG_CXX_LANGUAGE_STANDARD = "gnu++14";
				CLANG_CXX_LIBRARY = "libc++";
				CLANG_ENABLE_MODULES = YES;
				CLANG_ENABLE_OBJC_ARC = YES;
				CLANG_ENABLE_OBJC_WEAK = YES;
				CLANG_WARN_BLOCK_CAPTURE_AUTORELEASING = YES;
				CLANG_WARN_BOOL_CONVERSION = YES;
				CLANG_WARN_COMMA = YES;
				CLANG_WARN_CONSTANT_CONVERSION = YES;
				CLANG_WARN_DEPRECATED_OBJC_IMPLEMENTATIONS = YES;
				CLANG_WARN_DIRECT_OBJC_ISA_USAGE = YES_ERROR;
				CLANG_WARN_DOCUMENTATION_COMMENTS = YES;
				CLANG_WARN_EMPTY_BODY = YES;
				CLANG_WARN_ENUM_CONVERSION = YES;
				CLANG_WARN_INFINITE_RECURSION = YES;
				CLANG_WARN_INT_CONVERSION = YES;
				CLANG_WARN_NON_LITERAL_NULL_CONVERSION = YES;
				CLANG_WARN_OBJC_IMPLICIT_RETAIN_SELF = YES;
				CLANG_WARN_OBJC_LITERAL_CONVERSION = YES;
				CLANG_WARN_OBJC_ROOT_CLASS = YES_ERROR;
				CLANG_WARN_QUOTED_INCLUDE_IN_FRAMEWORK_HEADER = YES;
				CLANG_WARN_RANGE_LOOP_ANALYSIS = YES;
				CLANG_WARN_STRICT_PROTOTYPES = YES;
				CLANG_WARN_SUSPICIOUS_MOVE = YES;
				CLANG_WARN_UNGUARDED_AVAILABILITY = YES_AGGRESSIVE;
				CLANG_WARN_UNREACHABLE_CODE = YES;
				CLANG_WARN__DUPLICATE_METHOD_MATCH = YES;
				COPY_PHASE_STRIP = NO;
				DEBUG_INFORMATION_FORMAT = "dwarf-with-dsym";
				ENABLE_NS_ASSERTIONS = NO;
				ENABLE_STRICT_OBJC_MSGSEND = YES;
				GCC_C_LANGUAGE_STANDARD = gnu11;
				GCC_NO_COMMON_BLOCKS = YES;
				GCC_WARN_64_TO_32_BIT_CONVERSION = YES;
				GCC_WARN_ABOUT_RETURN_TYPE = YES_ERROR;
				GCC_WARN_UNDECLARED_SELECTOR = YES;
				GCC_WARN_UNINITIALIZED_AUTOS = YES_AGGRESSIVE;
				GCC_WARN_UNUSED_FUNCTION = YES;
				GCC_WARN_UNUSED_VARIABLE = YES;
				MTL_ENABLE_DEBUG_INFO = NO;
				MTL_FAST_MATH = YES;
				SWIFT_COMPILATION_MODE = wholemodule;
				SWIFT_OPTIMIZATION_LEVEL = "-O";
			};
			name = Release;
		};
		914F519B26A78E7300C66C73 /* Debug */ = {
			isa = XCBuildConfiguration;
			buildSettings = {
				ASSETCATALOG_COMPILER_APPICON_NAME = AppIcon;
				ASSETCATALOG_COMPILER_GLOBAL_ACCENT_COLOR_NAME = AccentColor;
				CODE_SIGN_STYLE = Automatic;
				CURRENT_PROJECT_VERSION = 1;
				DEVELOPMENT_TEAM = 24Q962SK3B;
				ENABLE_PREVIEWS = YES;
				GENERATE_INFOPLIST_FILE = YES;
				INFOPLIST_KEY_UIApplicationSceneManifest_Generation = YES;
				INFOPLIST_KEY_UIApplicationSupportsIndirectInputEvents = YES;
				INFOPLIST_KEY_UILaunchScreen_Generation = YES;
				INFOPLIST_KEY_UISupportedInterfaceOrientations_iPad = "UIInterfaceOrientationPortrait UIInterfaceOrientationPortraitUpsideDown UIInterfaceOrientationLandscapeLeft UIInterfaceOrientationLandscapeRight";
				INFOPLIST_KEY_UISupportedInterfaceOrientations_iPhone = "UIInterfaceOrientationPortrait UIInterfaceOrientationLandscapeLeft UIInterfaceOrientationLandscapeRight";
				IPHONEOS_DEPLOYMENT_TARGET = 14.0;
				LD_RUNPATH_SEARCH_PATHS = (
					"$(inherited)",
					"@executable_path/Frameworks",
				);
				MARKETING_VERSION = 1.0;
				PRODUCT_BUNDLE_IDENTIFIER = com.haren.miniDVR;
				PRODUCT_NAME = miniDVR;
				SDKROOT = iphoneos;
				SWIFT_EMIT_LOC_STRINGS = YES;
				SWIFT_VERSION = 5.0;
				TARGETED_DEVICE_FAMILY = "1,2";
			};
			name = Debug;
		};
		914F519C26A78E7300C66C73 /* Release */ = {
			isa = XCBuildConfiguration;
			buildSettings = {
				ASSETCATALOG_COMPILER_APPICON_NAME = AppIcon;
				ASSETCATALOG_COMPILER_GLOBAL_ACCENT_COLOR_NAME = AccentColor;
				CODE_SIGN_STYLE = Automatic;
				CURRENT_PROJECT_VERSION = 1;
				DEVELOPMENT_TEAM = 24Q962SK3B;
				ENABLE_PREVIEWS = YES;
				GENERATE_INFOPLIST_FILE = YES;
				INFOPLIST_KEY_UIApplicationSceneManifest_Generation = YES;
				INFOPLIST_KEY_UIApplicationSupportsIndirectInputEvents = YES;
				INFOPLIST_KEY_UILaunchScreen_Generation = YES;
				INFOPLIST_KEY_UISupportedInterfaceOrientations_iPad = "UIInterfaceOrientationPortrait UIInterfaceOrientationPortraitUpsideDown UIInterfaceOrientationLandscapeLeft UIInterfaceOrientationLandscapeRight";
				INFOPLIST_KEY_UISupportedInterfaceOrientations_iPhone = "UIInterfaceOrientationPortrait UIInterfaceOrientationLandscapeLeft UIInterfaceOrientationLandscapeRight";
				IPHONEOS_DEPLOYMENT_TARGET = 14.0;
				LD_RUNPATH_SEARCH_PATHS = (
					"$(inherited)",
					"@executable_path/Frameworks",
				);
				MARKETING_VERSION = 1.0;
				PRODUCT_BUNDLE_IDENTIFIER = com.haren.miniDVR;
				PRODUCT_NAME = miniDVR;
				SDKROOT = iphoneos;
				SWIFT_EMIT_LOC_STRINGS = YES;
				SWIFT_VERSION = 5.0;
				TARGETED_DEVICE_FAMILY = "1,2";
				VALIDATE_PRODUCT = YES;
			};
			name = Release;
		};
		914F519E26A78E7300C66C73 /* Debug */ = {
			isa = XCBuildConfiguration;
			buildSettings = {
				ASSETCATALOG_COMPILER_APPICON_NAME = AppIcon;
				ASSETCATALOG_COMPILER_GLOBAL_ACCENT_COLOR_NAME = AccentColor;
				CODE_SIGN_STYLE = Automatic;
				COMBINE_HIDPI_IMAGES = YES;
				CURRENT_PROJECT_VERSION = 1;
				DEVELOPMENT_TEAM = 24Q962SK3B;
				ENABLE_APP_SANDBOX = YES;
				ENABLE_HARDENED_RUNTIME = YES;
				ENABLE_PREVIEWS = YES;
				ENABLE_USER_SELECTED_FILES = readonly;
				GENERATE_INFOPLIST_FILE = YES;
				INFOPLIST_KEY_NSHumanReadableCopyright = "";
				LD_RUNPATH_SEARCH_PATHS = (
					"$(inherited)",
					"@executable_path/../Frameworks",
				);
				MACOSX_DEPLOYMENT_TARGET = 11.0;
				MARKETING_VERSION = 1.0;
				PRODUCT_BUNDLE_IDENTIFIER = com.haren.miniDVR;
				PRODUCT_NAME = miniDVR;
				SDKROOT = macosx;
				SWIFT_EMIT_LOC_STRINGS = YES;
				SWIFT_VERSION = 5.0;
			};
			name = Debug;
		};
		914F519F26A78E7300C66C73 /* Release */ = {
			isa = XCBuildConfiguration;
			buildSettings = {
				ASSETCATALOG_COMPILER_APPICON_NAME = AppIcon;
				ASSETCATALOG_COMPILER_GLOBAL_ACCENT_COLOR_NAME = AccentColor;
				CODE_SIGN_STYLE = Automatic;
				COMBINE_HIDPI_IMAGES = YES;
				CURRENT_PROJECT_VERSION = 1;
				DEVELOPMENT_TEAM = 24Q962SK3B;
				ENABLE_APP_SANDBOX = YES;
				ENABLE_HARDENED_RUNTIME = YES;
				ENABLE_PREVIEWS = YES;
				ENABLE_USER_SELECTED_FILES = readonly;
				GENERATE_INFOPLIST_FILE = YES;
				INFOPLIST_KEY_NSHumanReadableCopyright = "";
				LD_RUNPATH_SEARCH_PATHS = (
					"$(inherited)",
					"@executable_path/../Frameworks",
				);
				MACOSX_DEPLOYMENT_TARGET = 11.0;
				MARKETING_VERSION = 1.0;
				PRODUCT_BUNDLE_IDENTIFIER = com.haren.miniDVR;
				PRODUCT_NAME = miniDVR;
				SDKROOT = macosx;
				SWIFT_EMIT_LOC_STRINGS = YES;
				SWIFT_VERSION = 5.0;
			};
			name = Release;
		};
		914F51A126A78E7300C66C73 /* Debug */ = {
			isa = XCBuildConfiguration;
			buildSettings = {
				ALWAYS_EMBED_SWIFT_STANDARD_LIBRARIES = YES;
				CODE_SIGN_STYLE = Automatic;
				CURRENT_PROJECT_VERSION = 1;
				DEVELOPMENT_TEAM = 24Q962SK3B;
				GENERATE_INFOPLIST_FILE = YES;
				IPHONEOS_DEPLOYMENT_TARGET = 15.0;
				LD_RUNPATH_SEARCH_PATHS = (
					"$(inherited)",
					"@executable_path/Frameworks",
					"@loader_path/Frameworks",
				);
				MARKETING_VERSION = 1.0;
				PRODUCT_BUNDLE_IDENTIFIER = "com.haren.Tests-iOS";
				PRODUCT_NAME = "$(TARGET_NAME)";
				SDKROOT = iphoneos;
				SWIFT_EMIT_LOC_STRINGS = NO;
				SWIFT_VERSION = 5.0;
				TARGETED_DEVICE_FAMILY = "1,2";
				TEST_TARGET_NAME = "miniDVR (iOS)";
			};
			name = Debug;
		};
		914F51A226A78E7300C66C73 /* Release */ = {
			isa = XCBuildConfiguration;
			buildSettings = {
				ALWAYS_EMBED_SWIFT_STANDARD_LIBRARIES = YES;
				CODE_SIGN_STYLE = Automatic;
				CURRENT_PROJECT_VERSION = 1;
				DEVELOPMENT_TEAM = 24Q962SK3B;
				GENERATE_INFOPLIST_FILE = YES;
				IPHONEOS_DEPLOYMENT_TARGET = 15.0;
				LD_RUNPATH_SEARCH_PATHS = (
					"$(inherited)",
					"@executable_path/Frameworks",
					"@loader_path/Frameworks",
				);
				MARKETING_VERSION = 1.0;
				PRODUCT_BUNDLE_IDENTIFIER = "com.haren.Tests-iOS";
				PRODUCT_NAME = "$(TARGET_NAME)";
				SDKROOT = iphoneos;
				SWIFT_EMIT_LOC_STRINGS = NO;
				SWIFT_VERSION = 5.0;
				TARGETED_DEVICE_FAMILY = "1,2";
				TEST_TARGET_NAME = "miniDVR (iOS)";
				VALIDATE_PRODUCT = YES;
			};
			name = Release;
		};
		914F51A426A78E7300C66C73 /* Debug */ = {
			isa = XCBuildConfiguration;
			buildSettings = {
				ALWAYS_EMBED_SWIFT_STANDARD_LIBRARIES = YES;
				CODE_SIGN_STYLE = Automatic;
				COMBINE_HIDPI_IMAGES = YES;
				CURRENT_PROJECT_VERSION = 1;
				DEVELOPMENT_TEAM = 24Q962SK3B;
				GENERATE_INFOPLIST_FILE = YES;
				LD_RUNPATH_SEARCH_PATHS = (
					"$(inherited)",
					"@executable_path/../Frameworks",
					"@loader_path/../Frameworks",
				);
				MACOSX_DEPLOYMENT_TARGET = 12.0;
				MARKETING_VERSION = 1.0;
				PRODUCT_BUNDLE_IDENTIFIER = "com.haren.Tests-macOS";
				PRODUCT_NAME = "$(TARGET_NAME)";
				SDKROOT = macosx;
				SWIFT_EMIT_LOC_STRINGS = NO;
				SWIFT_VERSION = 5.0;
				TEST_TARGET_NAME = "miniDVR (macOS)";
			};
			name = Debug;
		};
		914F51A526A78E7300C66C73 /* Release */ = {
			isa = XCBuildConfiguration;
			buildSettings = {
				ALWAYS_EMBED_SWIFT_STANDARD_LIBRARIES = YES;
				CODE_SIGN_STYLE = Automatic;
				COMBINE_HIDPI_IMAGES = YES;
				CURRENT_PROJECT_VERSION = 1;
				DEVELOPMENT_TEAM = 24Q962SK3B;
				GENERATE_INFOPLIST_FILE = YES;
				LD_RUNPATH_SEARCH_PATHS = (
					"$(inherited)",
					"@executable_path/../Frameworks",
					"@loader_path/../Frameworks",
				);
				MACOSX_DEPLOYMENT_TARGET = 12.0;
				MARKETING_VERSION = 1.0;
				PRODUCT_BUNDLE_IDENTIFIER = "com.haren.Tests-macOS";
				PRODUCT_NAME = "$(TARGET_NAME)";
				SDKROOT = macosx;
				SWIFT_EMIT_LOC_STRINGS = NO;
				SWIFT_VERSION = 5.0;
				TEST_TARGET_NAME = "miniDVR (macOS)";
			};
			name = Release;
		};
/* End XCBuildConfiguration section */

/* Begin XCConfigurationList section */
		914F516E26A78E7200C66C73 /* Build configuration list for PBXProject "miniDVR" */ = {
			isa = XCConfigurationList;
			buildConfigurations = (
				914F519826A78E7300C66C73 /* Debug */,
				914F519926A78E7300C66C73 /* Release */,
			);
			defaultConfigurationIsVisible = 0;
			defaultConfigurationName = Release;
		};
		914F519A26A78E7300C66C73 /* Build configuration list for PBXNativeTarget "miniDVR (iOS)" */ = {
			isa = XCConfigurationList;
			buildConfigurations = (
				914F519B26A78E7300C66C73 /* Debug */,
				914F519C26A78E7300C66C73 /* Release */,
			);
			defaultConfigurationIsVisible = 0;
			defaultConfigurationName = Release;
		};
		914F519D26A78E7300C66C73 /* Build configuration list for PBXNativeTarget "miniDVR (macOS)" */ = {
			isa = XCConfigurationList;
			buildConfigurations = (
				914F519E26A78E7300C66C73 /* Debug */,
				914F519F26A78E7300C66C73 /* Release */,
			);
			defaultConfigurationIsVisible = 0;
			defaultConfigurationName = Release;
		};
		914F51A026A78E7300C66C73 /* Build configuration list for PBXNativeTarget "Tests iOS" */ = {
			isa = XCConfigurationList;
			buildConfigurations = (
				914F51A126A78E7300C66C73 /* Debug */,
				914F51A226A78E7300C66C73 /* Release */,
			);
			defaultConfigurationIsVisible = 0;
			defaultConfigurationName = Release;
		};
		914F51A326A78E7300C66C73 /* Build configuration list for PBXNativeTarget "Tests macOS" */ = {
			isa = XCConfigurationList;
			buildConfigurations = (
				914F51A426A78E7300C66C73 /* Debug */,
				914F51A526A78E7300C66C73 /* Release */,
			);
			defaultConfigurationIsVisible = 0;
			defaultConfigurationName = Release;
		};
/* End XCConfigurationList section */
	};
	rootObject = 914F516B26A78E7200C66C73 /* Project object */;
}
